
Microsoft Visual Studio Solution File, Format Version 12.00
# Visual Studio Version 17
VisualStudioVersion = 17.5.33516.290
MinimumVisualStudioVersion = 10.0.40219.1
Project("{9A19103F-16F7-4668-BE54-9A1E7A4F7556}") = "KafeKonsol.Data", "KafeKonsol.Data\KafeKonsol.Data.csproj", "{50397140-C0ED-4538-8FA6-EDC418ADF731}"
EndProject
Project("{9A19103F-16F7-4668-BE54-9A1E7A4F7556}") = "KafeKonsol", "KafeArayüz\KafeKonsol.csproj", "{F2DF5445-7227-47B2-9A02-8BD15A6FD68E}"
EndProject
Global
	GlobalSection(SolutionConfigurationPlatforms) = preSolution
		Debug|Any CPU = Debug|Any CPU
		Release|Any CPU = Release|Any CPU
	EndGlobalSection
	GlobalSection(ProjectConfigurationPlatforms) = postSolution
		{50397140-C0ED-4538-8FA6-EDC418ADF731}.Debug|Any CPU.ActiveCfg = Debug|Any CPU
		{50397140-C0ED-4538-8FA6-EDC418ADF731}.Debug|Any CPU.Build.0 = Debug|Any CPU
		{50397140-C0ED-4538-8FA6-EDC418ADF731}.Release|Any CPU.ActiveCfg = Release|Any CPU
		{50397140-C0ED-4538-8FA6-EDC418ADF731}.Release|Any CPU.Build.0 = Release|Any CPU
		{F2DF5445-7227-47B2-9A02-8BD15A6FD68E}.Debug|Any CPU.ActiveCfg = Debug|Any CPU
		{F2DF5445-7227-47B2-9A02-8BD15A6FD68E}.Debug|Any CPU.Build.0 = Debug|Any CPU
		{F2DF5445-7227-47B2-9A02-8BD15A6FD68E}.Release|Any CPU.ActiveCfg = Release|Any CPU
		{F2DF5445-7227-47B2-9A02-8BD15A6FD68E}.Release|Any CPU.Build.0 = Release|Any CPU
	EndGlobalSection
	GlobalSection(SolutionProperties) = preSolution
		HideSolutionNode = FALSE
	EndGlobalSection
	GlobalSection(ExtensibilityGlobals) = postSolution
		SolutionGuid = {B51EF424-8C8F-4C02-817F-CD63CC45420B}
	EndGlobalSection
EndGlobal
